
Microsoft Visual Studio Solution File, Format Version 12.00
# Visual Studio Version 17
VisualStudioVersion = 17.14.36811.4 d17.14
MinimumVisualStudioVersion = 10.0.40219.1
Project("{FAE04EC0-301F-11D3-BF4B-00C04F79EFBC}") = "ALLmoço", "ALLmoço.csproj", "{30450588-840D-4088-8488-52421028FD58}"
EndProject
Global
	GlobalSection(SolutionConfigurationPlatforms) = preSolution
		Debug|Any CPU = Debug|Any CPU
		Release|Any CPU = Release|Any CPU
	EndGlobalSection
	GlobalSection(ProjectConfigurationPlatforms) = postSolution
		{30450588-840D-4088-8488-52421028FD58}.Debug|Any CPU.ActiveCfg = Debug|Any CPU
		{30450588-840D-4088-8488-52421028FD58}.Debug|Any CPU.Build.0 = Debug|Any CPU
		{30450588-840D-4088-8488-52421028FD58}.Release|Any CPU.ActiveCfg = Release|Any CPU
		{30450588-840D-4088-8488-52421028FD58}.Release|Any CPU.Build.0 = Release|Any CPU
	EndGlobalSection
	GlobalSection(SolutionProperties) = preSolution
		HideSolutionNode = FALSE
	EndGlobalSection
	GlobalSection(ExtensibilityGlobals) = postSolution
		SolutionGuid = {C331AFFF-DBAB-412A-8DF4-E6E21BFD303B}
	EndGlobalSection
EndGlobal
